// !$*UTF8*$!
{
	archiveVersion = 1;
	classes = {
	};
	objectVersion = 55;
	objects = {

/* Begin PBXBuildFile section */
		043C05E7299D2A4F00DC4739 /* AppDelegate.swift in Sources */ = {isa = PBXBuildFile; fileRef = 043C05E6299D2A4F00DC4739 /* AppDelegate.swift */; };
		043C05E9299D2A4F00DC4739 /* SceneDelegate.swift in Sources */ = {isa = PBXBuildFile; fileRef = 043C05E8299D2A4F00DC4739 /* SceneDelegate.swift */; };
		043C05EB299D2A4F00DC4739 /* UsersViewController.swift in Sources */ = {isa = PBXBuildFile; fileRef = 043C05EA299D2A4F00DC4739 /* UsersViewController.swift */; };
		043C05EE299D2A4F00DC4739 /* Main.storyboard in Resources */ = {isa = PBXBuildFile; fileRef = 043C05EC299D2A4F00DC4739 /* Main.storyboard */; };
		043C05F1299D2A4F00DC4739 /* CoreData_PET.xcdatamodeld in Sources */ = {isa = PBXBuildFile; fileRef = 043C05EF299D2A4F00DC4739 /* CoreData_PET.xcdatamodeld */; };
		043C05F3299D2A5000DC4739 /* Assets.xcassets in Resources */ = {isa = PBXBuildFile; fileRef = 043C05F2299D2A5000DC4739 /* Assets.xcassets */; };
		043C05F6299D2A5000DC4739 /* LaunchScreen.storyboard in Resources */ = {isa = PBXBuildFile; fileRef = 043C05F4299D2A5000DC4739 /* LaunchScreen.storyboard */; };
		043C05FE299D2ECC00DC4739 /* ImageTransformer.swift in Sources */ = {isa = PBXBuildFile; fileRef = 043C05FD299D2ECC00DC4739 /* ImageTransformer.swift */; };
		043C060B299D4E3500DC4739 /* NewUserViewController.swift in Sources */ = {isa = PBXBuildFile; fileRef = 043C060A299D4E3500DC4739 /* NewUserViewController.swift */; };
		043C060D299D4E8400DC4739 /* BooksViewController.swift in Sources */ = {isa = PBXBuildFile; fileRef = 043C060C299D4E8400DC4739 /* BooksViewController.swift */; };
		043C060F299D4EA300DC4739 /* NewBookViewController.swift in Sources */ = {isa = PBXBuildFile; fileRef = 043C060E299D4EA300DC4739 /* NewBookViewController.swift */; };
		043C0611299D4EC300DC4739 /* SettingsViewController.swift in Sources */ = {isa = PBXBuildFile; fileRef = 043C0610299D4EC300DC4739 /* SettingsViewController.swift */; };
		043C0614299D4F2300DC4739 /* SettingStorage.swift in Sources */ = {isa = PBXBuildFile; fileRef = 043C0613299D4F2300DC4739 /* SettingStorage.swift */; };
		043C0616299DDEDE00DC4739 /* CoreDataManager.swift in Sources */ = {isa = PBXBuildFile; fileRef = 043C0615299DDEDE00DC4739 /* CoreDataManager.swift */; };
		047EFC4129A0F3DD00A6BA5F /* User+CoreDataClass.swift in Sources */ = {isa = PBXBuildFile; fileRef = 047EFC3D29A0F3DD00A6BA5F /* User+CoreDataClass.swift */; };
		047EFC4229A0F3DD00A6BA5F /* User+CoreDataProperties.swift in Sources */ = {isa = PBXBuildFile; fileRef = 047EFC3E29A0F3DD00A6BA5F /* User+CoreDataProperties.swift */; };
		047EFC4329A0F3DD00A6BA5F /* Book+CoreDataClass.swift in Sources */ = {isa = PBXBuildFile; fileRef = 047EFC3F29A0F3DD00A6BA5F /* Book+CoreDataClass.swift */; };
		047EFC4429A0F3DD00A6BA5F /* Book+CoreDataProperties.swift in Sources */ = {isa = PBXBuildFile; fileRef = 047EFC4029A0F3DD00A6BA5F /* Book+CoreDataProperties.swift */; };
		047EFC4729A1111C00A6BA5F /* FirstTableViewCell.swift in Sources */ = {isa = PBXBuildFile; fileRef = 047EFC4529A1111C00A6BA5F /* FirstTableViewCell.swift */; };
		047EFC4829A1111C00A6BA5F /* FirstTableViewCell.xib in Resources */ = {isa = PBXBuildFile; fileRef = 047EFC4629A1111C00A6BA5F /* FirstTableViewCell.xib */; };
/* End PBXBuildFile section */

/* Begin PBXFileReference section */
		043C05E3299D2A4F00DC4739 /* CoreData-PET.app */ = {isa = PBXFileReference; explicitFileType = wrapper.application; includeInIndex = 0; path = "CoreData-PET.app"; sourceTree = BUILT_PRODUCTS_DIR; };
		043C05E6299D2A4F00DC4739 /* AppDelegate.swift */ = {isa = PBXFileReference; lastKnownFileType = sourcecode.swift; path = AppDelegate.swift; sourceTree = "<group>"; };
		043C05E8299D2A4F00DC4739 /* SceneDelegate.swift */ = {isa = PBXFileReference; lastKnownFileType = sourcecode.swift; path = SceneDelegate.swift; sourceTree = "<group>"; };
		043C05EA299D2A4F00DC4739 /* UsersViewController.swift */ = {isa = PBXFileReference; lastKnownFileType = sourcecode.swift; path = UsersViewController.swift; sourceTree = "<group>"; };
		043C05ED299D2A4F00DC4739 /* Base */ = {isa = PBXFileReference; lastKnownFileType = file.storyboard; name = Base; path = Base.lproj/Main.storyboard; sourceTree = "<group>"; };
		043C05F0299D2A4F00DC4739 /* CoreData_PET.xcdatamodel */ = {isa = PBXFileReference; lastKnownFileType = wrapper.xcdatamodel; path = CoreData_PET.xcdatamodel; sourceTree = "<group>"; };
		043C05F2299D2A5000DC4739 /* Assets.xcassets */ = {isa = PBXFileReference; lastKnownFileType = folder.assetcatalog; path = Assets.xcassets; sourceTree = "<group>"; };
		043C05F5299D2A5000DC4739 /* Base */ = {isa = PBXFileReference; lastKnownFileType = file.storyboard; name = Base; path = Base.lproj/LaunchScreen.storyboard; sourceTree = "<group>"; };
		043C05F7299D2A5000DC4739 /* Info.plist */ = {isa = PBXFileReference; lastKnownFileType = text.plist.xml; path = Info.plist; sourceTree = "<group>"; };
		043C05FD299D2ECC00DC4739 /* ImageTransformer.swift */ = {isa = PBXFileReference; lastKnownFileType = sourcecode.swift; path = ImageTransformer.swift; sourceTree = "<group>"; };
		043C060A299D4E3500DC4739 /* NewUserViewController.swift */ = {isa = PBXFileReference; lastKnownFileType = sourcecode.swift; path = NewUserViewController.swift; sourceTree = "<group>"; };
		043C060C299D4E8400DC4739 /* BooksViewController.swift */ = {isa = PBXFileReference; lastKnownFileType = sourcecode.swift; path = BooksViewController.swift; sourceTree = "<group>"; };
		043C060E299D4EA300DC4739 /* NewBookViewController.swift */ = {isa = PBXFileReference; lastKnownFileType = sourcecode.swift; path = NewBookViewController.swift; sourceTree = "<group>"; };
		043C0610299D4EC300DC4739 /* SettingsViewController.swift */ = {isa = PBXFileReference; lastKnownFileType = sourcecode.swift; path = SettingsViewController.swift; sourceTree = "<group>"; };
		043C0613299D4F2300DC4739 /* SettingStorage.swift */ = {isa = PBXFileReference; lastKnownFileType = sourcecode.swift; path = SettingStorage.swift; sourceTree = "<group>"; };
		043C0615299DDEDE00DC4739 /* CoreDataManager.swift */ = {isa = PBXFileReference; lastKnownFileType = sourcecode.swift; path = CoreDataManager.swift; sourceTree = "<group>"; };
		047EFC3D29A0F3DD00A6BA5F /* User+CoreDataClass.swift */ = {isa = PBXFileReference; lastKnownFileType = sourcecode.swift; name = "User+CoreDataClass.swift"; path = "../../User+CoreDataClass.swift"; sourceTree = "<group>"; };
		047EFC3E29A0F3DD00A6BA5F /* User+CoreDataProperties.swift */ = {isa = PBXFileReference; lastKnownFileType = sourcecode.swift; name = "User+CoreDataProperties.swift"; path = "../../User+CoreDataProperties.swift"; sourceTree = "<group>"; };
		047EFC3F29A0F3DD00A6BA5F /* Book+CoreDataClass.swift */ = {isa = PBXFileReference; lastKnownFileType = sourcecode.swift; name = "Book+CoreDataClass.swift"; path = "../../Book+CoreDataClass.swift"; sourceTree = "<group>"; };
		047EFC4029A0F3DD00A6BA5F /* Book+CoreDataProperties.swift */ = {isa = PBXFileReference; lastKnownFileType = sourcecode.swift; name = "Book+CoreDataProperties.swift"; path = "../../Book+CoreDataProperties.swift"; sourceTree = "<group>"; };
		047EFC4529A1111C00A6BA5F /* FirstTableViewCell.swift */ = {isa = PBXFileReference; lastKnownFileType = sourcecode.swift; path = FirstTableViewCell.swift; sourceTree = "<group>"; };
		047EFC4629A1111C00A6BA5F /* FirstTableViewCell.xib */ = {isa = PBXFileReference; lastKnownFileType = file.xib; path = FirstTableViewCell.xib; sourceTree = "<group>"; };
/* End PBXFileReference section */

/* Begin PBXFrameworksBuildPhase section */
		043C05E0299D2A4F00DC4739 /* Frameworks */ = {
			isa = PBXFrameworksBuildPhase;
			buildActionMask = 2147483647;
			files = (
			);
			runOnlyForDeploymentPostprocessing = 0;
		};
/* End PBXFrameworksBuildPhase section */

/* Begin PBXGroup section */
		043C05DA299D2A4F00DC4739 = {
			isa = PBXGroup;
			children = (
				043C05E5299D2A4F00DC4739 /* CoreData-PET */,
				043C05E4299D2A4F00DC4739 /* Products */,
			);
			sourceTree = "<group>";
		};
		043C05E4299D2A4F00DC4739 /* Products */ = {
			isa = PBXGroup;
			children = (
				043C05E3299D2A4F00DC4739 /* CoreData-PET.app */,
			);
			name = Products;
			sourceTree = "<group>";
		};
		043C05E5299D2A4F00DC4739 /* CoreData-PET */ = {
			isa = PBXGroup;
			children = (
				043C0607299D30B700DC4739 /* CoreDataFiles */,
				043C05E6299D2A4F00DC4739 /* AppDelegate.swift */,
				043C05E8299D2A4F00DC4739 /* SceneDelegate.swift */,
				043C0612299D4EF000DC4739 /* VC */,
				043C05EC299D2A4F00DC4739 /* Main.storyboard */,
				047EFC4929A1112500A6BA5F /* Cells */,
				043C0613299D4F2300DC4739 /* SettingStorage.swift */,
				043C05F2299D2A5000DC4739 /* Assets.xcassets */,
				043C05F4299D2A5000DC4739 /* LaunchScreen.storyboard */,
				043C05F7299D2A5000DC4739 /* Info.plist */,
				043C05EF299D2A4F00DC4739 /* CoreData_PET.xcdatamodeld */,
			);
			path = "CoreData-PET";
			sourceTree = "<group>";
		};
		043C0607299D30B700DC4739 /* CoreDataFiles */ = {
			isa = PBXGroup;
			children = (
				047EFC3D29A0F3DD00A6BA5F /* User+CoreDataClass.swift */,
				047EFC3E29A0F3DD00A6BA5F /* User+CoreDataProperties.swift */,
				047EFC3F29A0F3DD00A6BA5F /* Book+CoreDataClass.swift */,
				047EFC4029A0F3DD00A6BA5F /* Book+CoreDataProperties.swift */,
				043C05FD299D2ECC00DC4739 /* ImageTransformer.swift */,
				043C0615299DDEDE00DC4739 /* CoreDataManager.swift */,
			);
			path = CoreDataFiles;
			sourceTree = "<group>";
		};
		043C0612299D4EF000DC4739 /* VC */ = {
			isa = PBXGroup;
			children = (
				043C05EA299D2A4F00DC4739 /* UsersViewController.swift */,
				043C060A299D4E3500DC4739 /* NewUserViewController.swift */,
				043C060C299D4E8400DC4739 /* BooksViewController.swift */,
				043C060E299D4EA300DC4739 /* NewBookViewController.swift */,
				043C0610299D4EC300DC4739 /* SettingsViewController.swift */,
			);
			path = VC;
			sourceTree = "<group>";
		};
		047EFC4929A1112500A6BA5F /* Cells */ = {
			isa = PBXGroup;
			children = (
				047EFC4529A1111C00A6BA5F /* FirstTableViewCell.swift */,
				047EFC4629A1111C00A6BA5F /* FirstTableViewCell.xib */,
			);
			path = Cells;
			sourceTree = "<group>";
		};
/* End PBXGroup section */

/* Begin PBXNativeTarget section */
		043C05E2299D2A4F00DC4739 /* CoreData-PET */ = {
			isa = PBXNativeTarget;
			buildConfigurationList = 043C05FA299D2A5000DC4739 /* Build configuration list for PBXNativeTarget "CoreData-PET" */;
			buildPhases = (
				043C05DF299D2A4F00DC4739 /* Sources */,
				043C05E0299D2A4F00DC4739 /* Frameworks */,
				043C05E1299D2A4F00DC4739 /* Resources */,
			);
			buildRules = (
			);
			dependencies = (
			);
			name = "CoreData-PET";
			productName = "CoreData-PET";
			productReference = 043C05E3299D2A4F00DC4739 /* CoreData-PET.app */;
			productType = "com.apple.product-type.application";
		};
/* End PBXNativeTarget section */

/* Begin PBXProject section */
		043C05DB299D2A4F00DC4739 /* Project object */ = {
			isa = PBXProject;
			attributes = {
				BuildIndependentTargetsInParallel = 1;
				LastSwiftUpdateCheck = 1330;
				LastUpgradeCheck = 1330;
				TargetAttributes = {
					043C05E2299D2A4F00DC4739 = {
						CreatedOnToolsVersion = 13.3.1;
					};
				};
			};
			buildConfigurationList = 043C05DE299D2A4F00DC4739 /* Build configuration list for PBXProject "CoreData-PET" */;
			compatibilityVersion = "Xcode 13.0";
			developmentRegion = en;
			hasScannedForEncodings = 0;
			knownRegions = (
				en,
				Base,
			);
			mainGroup = 043C05DA299D2A4F00DC4739;
			productRefGroup = 043C05E4299D2A4F00DC4739 /* Products */;
			projectDirPath = "";
			projectRoot = "";
			targets = (
				043C05E2299D2A4F00DC4739 /* CoreData-PET */,
			);
		};
/* End PBXProject section */

/* Begin PBXResourcesBuildPhase section */
		043C05E1299D2A4F00DC4739 /* Resources */ = {
			isa = PBXResourcesBuildPhase;
			buildActionMask = 2147483647;
			files = (
				043C05F6299D2A5000DC4739 /* LaunchScreen.storyboard in Resources */,
				043C05F3299D2A5000DC4739 /* Assets.xcassets in Resources */,
				047EFC4829A1111C00A6BA5F /* FirstTableViewCell.xib in Resources */,
				043C05EE299D2A4F00DC4739 /* Main.storyboard in Resources */,
			);
			runOnlyForDeploymentPostprocessing = 0;
		};
/* End PBXResourcesBuildPhase section */

/* Begin PBXSourcesBuildPhase section */
		043C05DF299D2A4F00DC4739 /* Sources */ = {
			isa = PBXSourcesBuildPhase;
			buildActionMask = 2147483647;
			files = (
				043C05F1299D2A4F00DC4739 /* CoreData_PET.xcdatamodeld in Sources */,
				043C05EB299D2A4F00DC4739 /* UsersViewController.swift in Sources */,
				043C060D299D4E8400DC4739 /* BooksViewController.swift in Sources */,
				047EFC4129A0F3DD00A6BA5F /* User+CoreDataClass.swift in Sources */,
				043C0614299D4F2300DC4739 /* SettingStorage.swift in Sources */,
				043C05FE299D2ECC00DC4739 /* ImageTransformer.swift in Sources */,
				047EFC4429A0F3DD00A6BA5F /* Book+CoreDataProperties.swift in Sources */,
				047EFC4329A0F3DD00A6BA5F /* Book+CoreDataClass.swift in Sources */,
				043C060B299D4E3500DC4739 /* NewUserViewController.swift in Sources */,
				043C0616299DDEDE00DC4739 /* CoreDataManager.swift in Sources */,
				043C05E7299D2A4F00DC4739 /* AppDelegate.swift in Sources */,
				047EFC4229A0F3DD00A6BA5F /* User+CoreDataProperties.swift in Sources */,
				043C0611299D4EC300DC4739 /* SettingsViewController.swift in Sources */,
				043C060F299D4EA300DC4739 /* NewBookViewController.swift in Sources */,
				047EFC4729A1111C00A6BA5F /* FirstTableViewCell.swift in Sources */,
				043C05E9299D2A4F00DC4739 /* SceneDelegate.swift in Sources */,
			);
			runOnlyForDeploymentPostprocessing = 0;
		};
/* End PBXSourcesBuildPhase section */

/* Begin PBXVariantGroup section */
		043C05EC299D2A4F00DC4739 /* Main.storyboard */ = {
			isa = PBXVariantGroup;
			children = (
				043C05ED299D2A4F00DC4739 /* Base */,
			);
			name = Main.storyboard;
			sourceTree = "<group>";
		};
		043C05F4299D2A5000DC4739 /* LaunchScreen.storyboard */ = {
			isa = PBXVariantGroup;
			children = (
				043C05F5299D2A5000DC4739 /* Base */,
			);
			name = LaunchScreen.storyboard;
			sourceTree = "<group>";
		};
/* End PBXVariantGroup section */

/* Begin XCBuildConfiguration section */
		043C05F8299D2A5000DC4739 /* Debug */ = {
			isa = XCBuildConfiguration;
			buildSettings = {
				ALWAYS_SEARCH_USER_PATHS = NO;
				CLANG_ANALYZER_NONNULL = YES;
				CLANG_ANALYZER_NUMBER_OBJECT_CONVERSION = YES_AGGRESSIVE;
				CLANG_CXX_LANGUAGE_STANDARD = "gnu++17";
				CLANG_ENABLE_MODULES = YES;
				CLANG_ENABLE_OBJC_ARC = YES;
				CLANG_ENABLE_OBJC_WEAK = YES;
				CLANG_WARN_BLOCK_CAPTURE_AUTORELEASING = YES;
				CLANG_WARN_BOOL_CONVERSION = YES;
				CLANG_WARN_COMMA = YES;
				CLANG_WARN_CONSTANT_CONVERSION = YES;
				CLANG_WARN_DEPRECATED_OBJC_IMPLEMENTATIONS = YES;
				CLANG_WARN_DIRECT_OBJC_ISA_USAGE = YES_ERROR;
				CLANG_WARN_DOCUMENTATION_COMMENTS = YES;
				CLANG_WARN_EMPTY_BODY = YES;
				CLANG_WARN_ENUM_CONVERSION = YES;
				CLANG_WARN_INFINITE_RECURSION = YES;
				CLANG_WARN_INT_CONVERSION = YES;
				CLANG_WARN_NON_LITERAL_NULL_CONVERSION = YES;
				CLANG_WARN_OBJC_IMPLICIT_RETAIN_SELF = YES;
				CLANG_WARN_OBJC_LITERAL_CONVERSION = YES;
				CLANG_WARN_OBJC_ROOT_CLASS = YES_ERROR;
				CLANG_WARN_QUOTED_INCLUDE_IN_FRAMEWORK_HEADER = YES;
				CLANG_WARN_RANGE_LOOP_ANALYSIS = YES;
				CLANG_WARN_STRICT_PROTOTYPES = YES;
				CLANG_WARN_SUSPICIOUS_MOVE = YES;
				CLANG_WARN_UNGUARDED_AVAILABILITY = YES_AGGRESSIVE;
				CLANG_WARN_UNREACHABLE_CODE = YES;
				CLANG_WARN__DUPLICATE_METHOD_MATCH = YES;
				COPY_PHASE_STRIP = NO;
				DEBUG_INFORMATION_FORMAT = dwarf;
				ENABLE_STRICT_OBJC_MSGSEND = YES;
				ENABLE_TESTABILITY = YES;
				GCC_C_LANGUAGE_STANDARD = gnu11;
				GCC_DYNAMIC_NO_PIC = NO;
				GCC_NO_COMMON_BLOCKS = YES;
				GCC_OPTIMIZATION_LEVEL = 0;
				GCC_PREPROCESSOR_DEFINITIONS = (
					"DEBUG=1",
					"$(inherited)",
				);
				GCC_WARN_64_TO_32_BIT_CONVERSION = YES;
				GCC_WARN_ABOUT_RETURN_TYPE = YES_ERROR;
				GCC_WARN_UNDECLARED_SELECTOR = YES;
				GCC_WARN_UNINITIALIZED_AUTOS = YES_AGGRESSIVE;
				GCC_WARN_UNUSED_FUNCTION = YES;
				GCC_WARN_UNUSED_VARIABLE = YES;
				IPHONEOS_DEPLOYMENT_TARGET = 15.4;
				MTL_ENABLE_DEBUG_INFO = INCLUDE_SOURCE;
				MTL_FAST_MATH = YES;
				ONLY_ACTIVE_ARCH = YES;
				SDKROOT = iphoneos;
				SWIFT_ACTIVE_COMPILATION_CONDITIONS = DEBUG;
				SWIFT_OPTIMIZATION_LEVEL = "-Onone";
			};
			name = Debug;
		};
		043C05F9299D2A5000DC4739 /* Release */ = {
			isa = XCBuildConfiguration;
			buildSettings = {
				ALWAYS_SEARCH_USER_PATHS = NO;
				CLANG_ANALYZER_NONNULL = YES;
				CLANG_ANALYZER_NUMBER_OBJECT_CONVERSION = YES_AGGRESSIVE;
				CLANG_CXX_LANGUAGE_STANDARD = "gnu++17";
				CLANG_ENABLE_MODULES = YES;
				CLANG_ENABLE_OBJC_ARC = YES;
				CLANG_ENABLE_OBJC_WEAK = YES;
				CLANG_WARN_BLOCK_CAPTURE_AUTORELEASING = YES;
				CLANG_WARN_BOOL_CONVERSION = YES;
				CLANG_WARN_COMMA = YES;
				CLANG_WARN_CONSTANT_CONVERSION = YES;
				CLANG_WARN_DEPRECATED_OBJC_IMPLEMENTATIONS = YES;
				CLANG_WARN_DIRECT_OBJC_ISA_USAGE = YES_ERROR;
				CLANG_WARN_DOCUMENTATION_COMMENTS = YES;
				CLANG_WARN_EMPTY_BODY = YES;
				CLANG_WARN_ENUM_CONVERSION = YES;
				CLANG_WARN_INFINITE_RECURSION = YES;
				CLANG_WARN_INT_CONVERSION = YES;
				CLANG_WARN_NON_LITERAL_NULL_CONVERSION = YES;
				CLANG_WARN_OBJC_IMPLICIT_RETAIN_SELF = YES;
				CLANG_WARN_OBJC_LITERAL_CONVERSION = YES;
				CLANG_WARN_OBJC_ROOT_CLASS = YES_ERROR;
				CLANG_WARN_QUOTED_INCLUDE_IN_FRAMEWORK_HEADER = YES;
				CLANG_WARN_RANGE_LOOP_ANALYSIS = YES;
				CLANG_WARN_STRICT_PROTOTYPES = YES;
				CLANG_WARN_SUSPICIOUS_MOVE = YES;
				CLANG_WARN_UNGUARDED_AVAILABILITY = YES_AGGRESSIVE;
				CLANG_WARN_UNREACHABLE_CODE = YES;
				CLANG_WARN__DUPLICATE_METHOD_MATCH = YES;
				COPY_PHASE_STRIP = NO;
				DEBUG_INFORMATION_FORMAT = "dwarf-with-dsym";
				ENABLE_NS_ASSERTIONS = NO;
				ENABLE_STRICT_OBJC_MSGSEND = YES;
				GCC_C_LANGUAGE_STANDARD = gnu11;
				GCC_NO_COMMON_BLOCKS = YES;
				GCC_WARN_64_TO_32_BIT_CONVERSION = YES;
				GCC_WARN_ABOUT_RETURN_TYPE = YES_ERROR;
				GCC_WARN_UNDECLARED_SELECTOR = YES;
				GCC_WARN_UNINITIALIZED_AUTOS = YES_AGGRESSIVE;
				GCC_WARN_UNUSED_FUNCTION = YES;
				GCC_WARN_UNUSED_VARIABLE = YES;
				IPHONEOS_DEPLOYMENT_TARGET = 15.4;
				MTL_ENABLE_DEBUG_INFO = NO;
				MTL_FAST_MATH = YES;
				SDKROOT = iphoneos;
				SWIFT_COMPILATION_MODE = wholemodule;
				SWIFT_OPTIMIZATION_LEVEL = "-O";
				VALIDATE_PRODUCT = YES;
			};
			name = Release;
		};
		043C05FB299D2A5000DC4739 /* Debug */ = {
			isa = XCBuildConfiguration;
			buildSettings = {
				ASSETCATALOG_COMPILER_APPICON_NAME = AppIcon;
				ASSETCATALOG_COMPILER_GLOBAL_ACCENT_COLOR_NAME = AccentColor;
				CODE_SIGN_STYLE = Automatic;
				CURRENT_PROJECT_VERSION = 1;
				DEVELOPMENT_TEAM = 7WN4BA2YG3;
				GENERATE_INFOPLIST_FILE = YES;
				INFOPLIST_FILE = "CoreData-PET/Info.plist";
				INFOPLIST_KEY_UIApplicationSupportsIndirectInputEvents = YES;
				INFOPLIST_KEY_UILaunchStoryboardName = LaunchScreen;
				INFOPLIST_KEY_UIMainStoryboardFile = Main;
				INFOPLIST_KEY_UISupportedInterfaceOrientations = UIInterfaceOrientationPortrait;
				INFOPLIST_KEY_UISupportedInterfaceOrientations_iPad = "UIInterfaceOrientationPortrait UIInterfaceOrientationPortraitUpsideDown UIInterfaceOrientationLandscapeLeft UIInterfaceOrientationLandscapeRight";
				INFOPLIST_KEY_UISupportedInterfaceOrientations_iPhone = "UIInterfaceOrientationPortrait UIInterfaceOrientationLandscapeLeft UIInterfaceOrientationLandscapeRight";
				IPHONEOS_DEPLOYMENT_TARGET = 15.2;
				LD_RUNPATH_SEARCH_PATHS = (
					"$(inherited)",
					"@executable_path/Frameworks",
				);
				MARKETING_VERSION = 1.0;
				PRODUCT_BUNDLE_IDENTIFIER = "Zmey666.CoreData-PET";
				PRODUCT_NAME = "$(TARGET_NAME)";
				SWIFT_EMIT_LOC_STRINGS = YES;
				SWIFT_VERSION = 5.0;
				TARGETED_DEVICE_FAMILY = 1;
			};
			name = Debug;
		};
		043C05FC299D2A5000DC4739 /* Release */ = {
			isa = XCBuildConfiguration;
			buildSettings = {
				ASSETCATALOG_COMPILER_APPICON_NAME = AppIcon;
				ASSETCATALOG_COMPILER_GLOBAL_ACCENT_COLOR_NAME = AccentColor;
				CODE_SIGN_STYLE = Automatic;
				CURRENT_PROJECT_VERSION = 1;
				DEVELOPMENT_TEAM = 7WN4BA2YG3;
				GENERATE_INFOPLIST_FILE = YES;
				INFOPLIST_FILE = "CoreData-PET/Info.plist";
				INFOPLIST_KEY_UIApplicationSupportsIndirectInputEvents = YES;
				INFOPLIST_KEY_UILaunchStoryboardName = LaunchScreen;
				INFOPLIST_KEY_UIMainStoryboardFile = Main;
				INFOPLIST_KEY_UISupportedInterfaceOrientations = UIInterfaceOrientationPortrait;
				INFOPLIST_KEY_UISupportedInterfaceOrientations_iPad = "UIInterfaceOrientationPortrait UIInterfaceOrientationPortraitUpsideDown UIInterfaceOrientationLandscapeLeft UIInterfaceOrientationLandscapeRight";
				INFOPLIST_KEY_UISupportedInterfaceOrientations_iPhone = "UIInterfaceOrientationPortrait UIInterfaceOrientationLandscapeLeft UIInterfaceOrientationLandscapeRight";
				IPHONEOS_DEPLOYMENT_TARGET = 15.2;
				LD_RUNPATH_SEARCH_PATHS = (
					"$(inherited)",
					"@executable_path/Frameworks",
				);
				MARKETING_VERSION = 1.0;
				PRODUCT_BUNDLE_IDENTIFIER = "Zmey666.CoreData-PET";
				PRODUCT_NAME = "$(TARGET_NAME)";
				SWIFT_EMIT_LOC_STRINGS = YES;
				SWIFT_VERSION = 5.0;
				TARGETED_DEVICE_FAMILY = 1;
			};
			name = Release;
		};
/* End XCBuildConfiguration section */

/* Begin XCConfigurationList section */
		043C05DE299D2A4F00DC4739 /* Build configuration list for PBXProject "CoreData-PET" */ = {
			isa = XCConfigurationList;
			buildConfigurations = (
				043C05F8299D2A5000DC4739 /* Debug */,
				043C05F9299D2A5000DC4739 /* Release */,
			);
			defaultConfigurationIsVisible = 0;
			defaultConfigurationName = Release;
		};
		043C05FA299D2A5000DC4739 /* Build configuration list for PBXNativeTarget "CoreData-PET" */ = {
			isa = XCConfigurationList;
			buildConfigurations = (
				043C05FB299D2A5000DC4739 /* Debug */,
				043C05FC299D2A5000DC4739 /* Release */,
			);
			defaultConfigurationIsVisible = 0;
			defaultConfigurationName = Release;
		};
/* End XCConfigurationList section */

/* Begin XCVersionGroup section */
		043C05EF299D2A4F00DC4739 /* CoreData_PET.xcdatamodeld */ = {
			isa = XCVersionGroup;
			children = (
				043C05F0299D2A4F00DC4739 /* CoreData_PET.xcdatamodel */,
			);
			currentVersion = 043C05F0299D2A4F00DC4739 /* CoreData_PET.xcdatamodel */;
			path = CoreData_PET.xcdatamodeld;
			sourceTree = "<group>";
			versionGroupType = wrapper.xcdatamodel;
		};
/* End XCVersionGroup section */
	};
	rootObject = 043C05DB299D2A4F00DC4739 /* Project object */;
}
